[[package]]
category = "main"
description = "Addict is a dictionary whose items can be set using both attribute and item syntax."
name = "addict"
optional = false
python-versions = "*"
version = "2.3.0"

[[package]]
category = "dev"
description = "Atomic file writes."
marker = "sys_platform == \"win32\""
name = "atomicwrites"
optional = false
python-versions = ">=2.7, !=3.0.*, !=3.1.*, !=3.2.*, !=3.3.*"
version = "1.4.0"

[[package]]
category = "main"
description = "Classes Without Boilerplate"
name = "attrs"
optional = false
python-versions = ">=2.7, !=3.0.*, !=3.1.*, !=3.2.*, !=3.3.*"
version = "19.3.0"

[[package]]
category = "main"
description = "Python package for providing Mozilla's CA Bundle."
name = "certifi"
optional = false
python-versions = "*"
version = "2020.6.20"

[[package]]
category = "main"
description = "Universal encoding detector for Python 2 and 3"
name = "chardet"
optional = false
python-versions = "*"
version = "3.0.4"

[[package]]
category = "dev"
description = "Cross-platform colored terminal text."
marker = "sys_platform == \"win32\""
name = "colorama"
optional = false
python-versions = ">=2.7, !=3.0.*, !=3.1.*, !=3.2.*, !=3.3.*, !=3.4.*"
version = "0.4.4"

[[package]]
category = "main"
description = "Python interface to Oracle"
name = "cx-oracle"
optional = false
python-versions = ">=3.5"
version = "8.0.1"

[[package]]
category = "main"
description = "Docutils -- Python Documentation Utilities"
name = "docutils"
optional = false
python-versions = ">=2.7, !=3.0.*, !=3.1.*, !=3.2.*, !=3.3.*, !=3.4.*"
version = "0.16"

[[package]]
category = "main"
description = ""
name = "dotenv-switch"
optional = false
python-versions = "^3.6.3"
version = "0.1.1"

[package.dependencies]
python_dotenv = "^0.10.3"

[package.source]
reference = "dc55429f6394bdd8c36d57232c6dc32e7eba7fd2"
type = "git"
url = "git://github.com/UMNLibraries/dotenv_switch.git"

[[package]]
category = "main"
description = ""
name = "experts-dw"
optional = false
python-versions = "^3.6.3"
version = "7.7.0"

[package.dependencies]
Jinja2 = "^2.11"
cx_oracle = "^8.0.1"
pugsql = "^0.2.3"
sqlalchemy = "*"
sqlalchemy_mptt = "*"
sqlparse = "*"

[package.source]
reference = "6172e88203c36d788614e287629eb46627e34084"
type = "git"
url = "git://github.com/UMNLibraries/experts_dw.git"
[[package]]
category = "main"
description = "Internationalized Domain Names in Applications (IDNA)"
name = "idna"
optional = false
python-versions = ">=2.7, !=3.0.*, !=3.1.*, !=3.2.*, !=3.3.*"
version = "2.10"

[[package]]
category = "dev"
description = "Read metadata from Python packages"
marker = "python_version < \"3.8\""
name = "importlib-metadata"
optional = false
python-versions = "!=3.0.*,!=3.1.*,!=3.2.*,!=3.3.*,!=3.4.*,>=2.7"
version = "2.0.0"

[package.dependencies]
zipp = ">=0.5"

[[package]]
category = "dev"
description = "iniconfig: brain-dead simple config-ini parsing"
name = "iniconfig"
optional = false
python-versions = "*"
version = "1.1.1"

[[package]]
category = "main"
description = "A very fast and expressive template engine."
name = "jinja2"
optional = false
python-versions = ">=2.7, !=3.0.*, !=3.1.*, !=3.2.*, !=3.3.*, !=3.4.*"
version = "2.11.2"

[package.dependencies]
MarkupSafe = ">=0.23"

[[package]]
category = "main"
description = "Platform-independent file locking module"
name = "lockfile"
optional = false
python-versions = "*"
version = "0.12.2"

[[package]]
category = "main"
description = "Safely add untrusted strings to HTML/XML markup."
name = "markupsafe"
optional = false
python-versions = ">=2.7,!=3.0.*,!=3.1.*,!=3.2.*,!=3.3.*"
version = "1.1.1"

[[package]]
category = "main"
description = "NumPy is the fundamental package for array computing with Python."
name = "numpy"
optional = false
python-versions = ">=3.6"
version = "1.19.2"

[[package]]
category = "dev"
description = "Core utilities for Python packages"
name = "packaging"
optional = false
python-versions = ">=2.7, !=3.0.*, !=3.1.*, !=3.2.*, !=3.3.*"
version = "20.4"

[package.dependencies]
pyparsing = ">=2.0.2"
six = "*"

[[package]]
category = "main"
description = "Powerful data structures for data analysis, time series, and statistics"
name = "pandas"
optional = false
python-versions = ">=3.6.1"
version = "1.1.3"

[package.dependencies]
numpy = ">=1.15.4"
python-dateutil = ">=2.7.3"
pytz = ">=2017.2"

[[package]]
category = "dev"
description = "plugin and hook calling mechanisms for python"
name = "pluggy"
optional = false
python-versions = ">=2.7, !=3.0.*, !=3.1.*, !=3.2.*, !=3.3.*"
version = "0.13.1"

[package.dependencies]
[package.dependencies.importlib-metadata]
python = "<3.8"
version = ">=0.12"

[[package]]
category = "main"
description = "PugSQL is an anti-ORM that facilitates interacting with databases using SQL in files."
name = "pugsql"
optional = false
python-versions = ">=3.5"
version = "0.2.3"

[package.dependencies]
sqlalchemy = ">=1.3,<2.0"

[[package]]
category = "main"
description = ""
name = "pureapi"
optional = false
python-versions = "^3.6.3"
version = "4.0.1"

[package.dependencies]
addict = "*"
attrs = "^19.3.0"
requests = "^2.20.0"
tenacity = "*"

[package.source]
reference = "2d6c8921c03277fe93d756cd9b63c8638366f335"
type = "git"
url = "git://github.com/UMNLibraries/pureapi.git"

[[package]]
category = "dev"
description = "library with cross-python path, ini-parsing, io, code, log facilities"
name = "py"
optional = false
python-versions = ">=2.7, !=3.0.*, !=3.1.*, !=3.2.*, !=3.3.*"
version = "1.9.0"

[[package]]
category = "dev"
description = "Python parsing module"
name = "pyparsing"
optional = false
python-versions = ">=2.6, !=3.0.*, !=3.1.*, !=3.2.*"
version = "2.4.7"

[[package]]
category = "dev"
description = "pytest: simple powerful testing with Python"
name = "pytest"
optional = false
python-versions = ">=3.5"
version = "6.1.1"

[package.dependencies]
atomicwrites = ">=1.0"
attrs = ">=17.4.0"
colorama = "*"
iniconfig = "*"
packaging = "*"
pluggy = ">=0.12,<1.0"
py = ">=1.8.2"
toml = "*"

[package.dependencies.importlib-metadata]
python = "<3.8"
version = ">=0.12"

[[package]]
category = "main"
description = "Library to implement a well-behaved Unix daemon process."
name = "python-daemon"
optional = false
python-versions = "*"
version = "2.2.4"

[package.dependencies]
docutils = "*"
lockfile = ">=0.10"
setuptools = "*"

[[package]]
category = "main"
description = "Extensions to the standard Python datetime module"
name = "python-dateutil"
optional = false
python-versions = "!=3.0.*,!=3.1.*,!=3.2.*,>=2.7"
version = "2.8.1"

[package.dependencies]
six = ">=1.5"

[[package]]
category = "main"
description = "Add .env support to your django/flask apps in development and deployments"
name = "python-dotenv"
optional = false
python-versions = "*"
version = "0.10.5"

[[package]]
category = "main"
description = "A python library adding a json log formatter"
name = "python-json-logger"
optional = false
python-versions = ">=3.4"
version = "2.0.1"

[[package]]
category = "main"
description = "World timezone definitions, modern and historical"
name = "pytz"
optional = false
python-versions = "*"
version = "2020.1"

[[package]]
category = "main"
description = "Python HTTP for Humans."
name = "requests"
optional = false
python-versions = ">=2.7, !=3.0.*, !=3.1.*, !=3.2.*, !=3.3.*, !=3.4.*"
version = "2.24.0"

[package.dependencies]
certifi = ">=2017.4.17"
chardet = ">=3.0.2,<4"
idna = ">=2.5,<3"
urllib3 = ">=1.21.1,<1.25.0 || >1.25.0,<1.25.1 || >1.25.1,<1.26"

[[package]]
category = "main"
description = "Job scheduling for humans."
name = "schedule"
optional = false
python-versions = "*"
version = "0.6.0"

[[package]]
category = "main"
description = "Python 2 and 3 compatibility utilities"
name = "six"
optional = false
python-versions = ">=2.7, !=3.0.*, !=3.1.*, !=3.2.*"
version = "1.15.0"

[[package]]
category = "main"
description = "Database Abstraction Library"
name = "sqlalchemy"
optional = false
python-versions = ">=2.7, !=3.0.*, !=3.1.*, !=3.2.*, !=3.3.*"
version = "1.3.20"

[[package]]
category = "main"
description = "SQLAlchemy MPTT mixins (Nested Sets)"
name = "sqlalchemy-mptt"
optional = false
python-versions = "*"
version = "0.2.5"

[package.dependencies]
SQLAlchemy = ">=1.0.0"

[[package]]
category = "main"
description = "A non-validating SQL parser."
name = "sqlparse"
optional = false
python-versions = ">=3.5"
version = "0.4.1"

[[package]]
category = "main"
description = "Retry code until it succeeds"
name = "tenacity"
optional = false
python-versions = "*"
version = "6.2.0"

[package.dependencies]
six = ">=1.9.0"

[[package]]
category = "dev"
description = "Python Library for Tom's Obvious, Minimal Language"
name = "toml"
optional = false
python-versions = "*"
version = "0.10.1"

[[package]]
category = "main"
description = "HTTP library with thread-safe connection pooling, file post, and more."
name = "urllib3"
optional = false
python-versions = ">=2.7, !=3.0.*, !=3.1.*, !=3.2.*, !=3.3.*, !=3.4.*, <4"
version = "1.25.11"

[[package]]
category = "dev"
description = "Backport of pathlib-compatible object wrapper for zip files"
marker = "python_version < \"3.8\""
name = "zipp"
optional = false
python-versions = ">=3.6"
version = "3.3.1"

[metadata]
content-hash = "7dc175230caae1e1ba74b9d60857d1ef72c831e3afe8908d64607ae3a96a77b2"
python-versions = "^3.6.3"

[metadata.hashes]
addict = ["69904f5650015d93043522b27316649b6dc877ab1eabb9ea9eb7b11386882edc", "e8085624d18a9eecd7ec8a427f378f1e5036dfafba34c33fa29f0be8cd3a80b2"]
atomicwrites = ["6d1784dea7c0c8d4a5172b6c620f40b6e4cbfdf96d783691f2e1302a7b88e197", "ae70396ad1a434f9c7046fd2dd196fc04b12f9e91ffb859164193be8b6168a7a"]
attrs = ["08a96c641c3a74e44eb59afb61a24f2cb9f4d7188748e76ba4bb5edfa3cb7d1c", "f7b7ce16570fe9965acd6d30101a28f62fb4a7f9e926b3bbc9b61f8b04247e72"]
certifi = ["5930595817496dd21bb8dc35dad090f1c2cd0adfaf21204bf6732ca5d8ee34d3", "8fc0819f1f30ba15bdb34cceffb9ef04d99f420f68eb75d901e9560b8749fc41"]
chardet = ["84ab92ed1c4d4f16916e05906b6b75a6c0fb5db821cc65e70cbd64a3e2a5eaae", "fc323ffcaeaed0e0a02bf4d117757b98aed530d9ed4531e3e15460124c106691"]
colorama = ["5941b2b48a20143d2267e95b1c2a7603ce057ee39fd88e7329b0c292aa16869b", "9f47eda37229f68eee03b24b9748937c7dc3868f906e8ba69fbcbdd3bc5dc3e2"]
cx-oracle = ["02c430c3b7feb93e8a6b5c3439608cd142b9e8bc5c46422a0345bc3ade0ac420", "0da6d9df662cd7ebc18e309e7e8746aa725e5a3320a660e911dedf887d2a53dd", "0f11cd16e43fa23c6fe4ed1605b4c3dd63863a79297e4b2620615c1014a6545d", "430562d6a1485a467d274200a4df11b342d399e4b3156c536bf47ec0e42e9d6b", "6b51a5c9b3943fdab35d4cc44a436af1c95227ac54787d3912420d37d07bf1b2", "7493b6e87125a632f2359237ac9caa1cafd2567de9b6e56aa58ed77f69298275", "970d133b318b7f4062f2afb3702bdd9bad114bcc2dde6bcb60adfaaea529e2f4", "a182b3d8af21856f0d3768d3d30cab734710cb39769909a7084b02315e8eedfa", "b9c67dab5cc3113b451e44622bd6a21e0dadeeeb03702e3a7107adbde817650c", "bca81d34b55058c5446f951e3f5e7318fc8111b50a7bb4503fd56fa3497dea8a", "c8f4f7c5c0d38d580a96ac813139c3cb17a15512cdae7b27e960f24c6858afc1", "cf43e544a3a61d0d0c2be71274cc3ae52d83131e56af65c6acfa48f7252d8863", "f10ada7f821a325c6befdd6fef1cac44ebc830736d0b75dda7b8ac9f851087b2"]
docutils = ["0c5b78adfbf7762415433f5515cd5c9e762339e23369dbe8000d84a4bf4ab3af", "c2de3a60e9e7d07be26b7f2b00ca0309c207e06c100f9cc2a94931fc75a478fc"]
dotenv-switch = []
experts-dw = []
idna = ["b307872f855b18632ce0c21c5e45be78c0ea7ae4c15c828c20788b26921eb3f6", "b97d804b1e9b523befed77c48dacec60e6dcb0b5391d57af6a65a312a90648c0"]
importlib-metadata = ["77a540690e24b0305878c37ffd421785a6f7e53c8b5720d211b211de8d0e95da", "cefa1a2f919b866c5beb7c9f7b0ebb4061f30a8a9bf16d609b000e2dfaceb9c3"]
iniconfig = ["011e24c64b7f47f6ebd835bb12a743f2fbe9a26d4cecaa7f53bc4f35ee9da8b3", "bc3af051d7d14b2ee5ef9969666def0cd1a000e121eaea580d4a313df4b37f32"]
jinja2 = ["89aab215427ef59c34ad58735269eb58b1a5808103067f7bb9d5836c651b3bb0", "f0a4641d3cf955324a89c04f3d94663aa4d638abe8f733ecd3582848e1c37035"]
lockfile = ["6aed02de03cba24efabcd600b30540140634fc06cfa603822d508d5361e9f799", "6c3cb24f344923d30b2785d5ad75182c8ea7ac1b6171b08657258ec7429d50fa"]
markupsafe = ["00bc623926325b26bb9605ae9eae8a215691f33cae5df11ca5424f06f2d1f473", "09027a7803a62ca78792ad89403b1b7a73a01c8cb65909cd876f7fcebd79b161", "09c4b7f37d6c648cb13f9230d847adf22f8171b1ccc4d5682398e77f40309235", "1027c282dad077d0bae18be6794e6b6b8c91d58ed8a8d89a89d59693b9131db5", "13d3144e1e340870b25e7b10b98d779608c02016d5184cfb9927a9f10c689f42", "24982cc2533820871eba85ba648cd53d8623687ff11cbb805be4ff7b4c971aff", "29872e92839765e546828bb7754a68c418d927cd064fd4708fab9fe9c8bb116b", "43a55c2930bbc139570ac2452adf3d70cdbb3cfe5912c71cdce1c2c6bbd9c5d1", "46c99d2de99945ec5cb54f23c8cd5689f6d7177305ebff350a58ce5f8de1669e", "500d4957e52ddc3351cabf489e79c91c17f6e0899158447047588650b5e69183", "535f6fc4d397c1563d08b88e485c3496cf5784e927af890fb3c3aac7f933ec66", "596510de112c685489095da617b5bcbbac7dd6384aeebeda4df6025d0256a81b", "62fe6c95e3ec8a7fad637b7f3d372c15ec1caa01ab47926cfdf7a75b40e0eac1", "6788b695d50a51edb699cb55e35487e430fa21f1ed838122d722e0ff0ac5ba15", "6dd73240d2af64df90aa7c4e7481e23825ea70af4b4922f8ede5b9e35f78a3b1", "717ba8fe3ae9cc0006d7c451f0bb265ee07739daf76355d06366154ee68d221e", "79855e1c5b8da654cf486b830bd42c06e8780cea587384cf6545b7d9ac013a0b", "7c1699dfe0cf8ff607dbdcc1e9b9af1755371f92a68f706051cc8c37d447c905", "88e5fcfb52ee7b911e8bb6d6aa2fd21fbecc674eadd44118a9cc3863f938e735", "8defac2f2ccd6805ebf65f5eeb132adcf2ab57aa11fdf4c0dd5169a004710e7d", "98c7086708b163d425c67c7a91bad6e466bb99d797aa64f965e9d25c12111a5e", "9add70b36c5666a2ed02b43b335fe19002ee5235efd4b8a89bfcf9005bebac0d", "9bf40443012702a1d2070043cb6291650a0841ece432556f784f004937f0f32c", "ade5e387d2ad0d7ebf59146cc00c8044acbd863725f887353a10df825fc8ae21", "b00c1de48212e4cc9603895652c5c410df699856a2853135b3967591e4beebc2", "b1282f8c00509d99fef04d8ba936b156d419be841854fe901d8ae224c59f0be5", "b2051432115498d3562c084a49bba65d97cf251f5a331c64a12ee7e04dacc51b", "ba59edeaa2fc6114428f1637ffff42da1e311e29382d81b339c1817d37ec93c6", "c8716a48d94b06bb3b2524c2b77e055fb313aeb4ea620c8dd03a105574ba704f", "cd5df75523866410809ca100dc9681e301e3c27567cf498077e8551b6d20e42f", "cdb132fc825c38e1aeec2c8aa9338310d29d337bebbd7baa06889d09a60a1fa2", "e249096428b3ae81b08327a63a485ad0878de3fb939049038579ac0ef61e17e7", "e8313f01ba26fbbe36c7be1966a7b7424942f670f38e666995b88d012765b9be"]
numpy = ["04c7d4ebc5ff93d9822075ddb1751ff392a4375e5885299445fcebf877f179d5", "0bfd85053d1e9f60234f28f63d4a5147ada7f432943c113a11afcf3e65d9d4c8", "0c66da1d202c52051625e55a249da35b31f65a81cb56e4c69af0dfb8fb0125bf", "0d310730e1e793527065ad7dde736197b705d0e4c9999775f212b03c44a8484c", "1669ec8e42f169ff715a904c9b2105b6640f3f2a4c4c2cb4920ae8b2785dac65", "2117536e968abb7357d34d754e3733b0d7113d4c9f1d921f21a3d96dec5ff716", "3733640466733441295b0d6d3dcbf8e1ffa7e897d4d82903169529fd3386919a", "4339741994c775396e1a274dba3609c69ab0f16056c1077f18979bec2a2c2e6e", "51ee93e1fac3fe08ef54ff1c7f329db64d8a9c5557e6c8e908be9497ac76374b", "54045b198aebf41bf6bf4088012777c1d11703bf74461d70cd350c0af2182e45", "58d66a6b3b55178a1f8a5fe98df26ace76260a70de694d99577ddeab7eaa9a9d", "59f3d687faea7a4f7f93bd9665e5b102f32f3fa28514f15b126f099b7997203d", "62139af94728d22350a571b7c82795b9d59be77fc162414ada6c8b6a10ef5d02", "7118f0a9f2f617f921ec7d278d981244ba83c85eea197be7c5a4f84af80a9c3c", "7c6646314291d8f5ea900a7ea9c4261f834b5b62159ba2abe3836f4fa6705526", "967c92435f0b3ba37a4257c48b8715b76741410467e2bdb1097e8391fccfae15", "9a3001248b9231ed73894c773142658bab914645261275f675d86c290c37f66d", "aba1d5daf1144b956bc87ffb87966791f5e9f3e1f6fab3d7f581db1f5b598f7a", "addaa551b298052c16885fc70408d3848d4e2e7352de4e7a1e13e691abc734c1", "b594f76771bc7fc8a044c5ba303427ee67c17a09b36e1fa32bde82f5c419d17a", "c35a01777f81e7333bcf276b605f39c872e28295441c265cd0c860f4b40148c1", "cebd4f4e64cfe87f2039e4725781f6326a61f095bc77b3716502bed812b385a9", "d526fa58ae4aead839161535d59ea9565863bb0b0bdb3cc63214613fb16aced4", "d7ac33585e1f09e7345aa902c281bd777fdb792432d27fca857f39b70e5dd31c", "e6ddbdc5113628f15de7e4911c02aed74a4ccff531842c583e5032f6e5a179bd", "eb25c381d168daf351147713f49c626030dcff7a393d5caa62515d415a6071d8"]
packaging = ["4357f74f47b9c12db93624a82154e9b120fa8293699949152b22065d556079f8", "998416ba6962ae7fbd6596850b80e17859a5753ba17c32284f67bfff33784181"]
pandas = ["206d7c3e5356dcadf082e64dc25c24bc8541718045826074f96346e9d6d05a20", "24f61f40febe47edac271eda45d683e42838b7db2bd0f82574d9800259d2b182", "3a038cd5da602b955d335aa80cbaa0e5774f68501ff47b9c21509906981478da", "427be9938b2f79ab298de84f87693914cda238a27cf10580da96caf3dff64115", "54f5f564058b0280d588c3758abde82e280702c440db5faf0c686b80336096f9", "5a8a84b75ca3a29bb4263b35d5ed9fcaae2b062f014feed8c5daa897339c7d85", "84a4ffe668df357e31f98c829536e3a7142c3036c82f996e639f644c5d32eda1", "882012763668af54b48f1412bab95c5cc0a7ccce5a2a8221cfc3839a6e3394ef", "920d30fdff65a079f071db635d282b4f583c2b26f2b58d5dca218aac7c59974d", "a605054fbca71ed1d08bb2aef6f73c84a579bbac956bfe8f9718d5e84cb41248", "b11b496c317dbe007898de699fd59eaf687d0fe8c1b7dad109db6010155d28ae", "babbeda2f83b0686c9ad38d93b10516e68cdcd5771007eb80a763e98aaf44613", "c22e40f1b4d162ca18eb6b2c572e63eef220dbc9cc3de0241cefb77972621bb7", "ca31ac8578d48da354cf66a473d4d5ff99277ca71d321dc7ea4e6fad3c6bb0fd", "ca71a5aa9eeb3ef5b31feca7d9b6369d6b3d0b2e9c85d7a89abe3ecb013f1e86", "d6b1f9d506dc23da2915bcae5c5968990049c9cec44108bd9855d2c7c89d91dc", "d89dbc58aec1544722a8d5046f880b597c497ef8a82c5fe695b4b2effafac5ec", "df43ea0e9fd9f9672b0de9cac26d01255ad50481994bf3cb4687c21eec2d7bbc", "fd6f05b6101d0e76f3e5c26a47be5be7be96ed84ef3981dc1852e76898e73594"]
pluggy = ["15b2acde666561e1298d71b523007ed7364de07029219b604cf808bfa1c765b0", "966c145cd83c96502c3c3868f50408687b38434af77734af1e9ca461a4081d2d"]
pugsql = ["8970a421388bf7d6277517d361e0e1a4bf7d5b0ffaa7c77123aabfec9f3f58b6", "b3caf1a0c9fee25529761c0b3bad75cf22e775720e4a60ea189fa5c30ec0fc8b"]
pureapi = []
py = ["366389d1db726cd2fcfc79732e75410e5fe4d31db13692115529d34069a043c2", "9ca6883ce56b4e8da7e79ac18787889fa5206c79dcc67fb065376cd2fe03f342"]
pyparsing = ["c203ec8783bf771a155b207279b9bccb8dea02d8f0c9e5f8ead507bc3246ecc1", "ef9d7589ef3c200abe66653d3f1ab1033c3c419ae9b9bdb1240a85b024efc88b"]
pytest = ["7a8190790c17d79a11f847fba0b004ee9a8122582ebff4729a082c109e81a4c9", "8f593023c1a0f916110285b6efd7f99db07d59546e3d8c36fc60e2ab05d3be92"]
python-daemon = ["57c84f50a04d7825515e4dbf3a31c70cc44414394a71608dee6cfde469e81766", "a0d5dc0b435a02c7e0b401e177a7c17c3f4c7b4e22e2d06271122c8fec5f8946"]
python-dateutil = ["73ebfe9dbf22e832286dafa60473e4cd239f8592f699aa5adaf10050e6e1823c", "75bb3f31ea686f1197762692a9ee6a7550b59fc6ca3a1f4b5d7e32fb98e2da2a"]
python-dotenv = ["440c7c23d53b7d352f9c94d6f70860242c2f071cf5c029dd661ccb22d64ae42b", "f254bfd0c970d64ccbb6c9ebef3667ab301a71473569c991253a481f1c98dddc"]
python-json-logger = ["f26eea7898db40609563bed0a7ca11af12e2a79858632706d835a0f961b7d398"]
pytz = ["a494d53b6d39c3c6e44c3bec237336e14305e4f29bbf800b599253057fbb79ed", "c35965d010ce31b23eeb663ed3cc8c906275d6be1a34393a1d73a41febf4a048"]
requests = ["b3559a131db72c33ee969480840fff4bb6dd111de7dd27c8ee1f820f4f00231b", "fe75cc94a9443b9246fc7049224f75604b113c36acb93f87b80ed42c44cbb898"]
schedule = ["3f895a1036799a25ab9c335de917073e63cf8256920917e932777382f101f08f", "f9fb5181283de4db6e701d476dd01b6a3dd81c38462a54991ddbb9d26db857c9"]
six = ["30639c035cdb23534cd4aa2dd52c3bf48f06e5f4a941509c8bafd8ce11080259", "8b74bedcbbbaca38ff6d7491d76f2b06b3592611af620f8426e82dddb04a5ced"]
sqlalchemy = ["009e8388d4d551a2107632921320886650b46332f61dc935e70c8bcf37d8e0d6", "0157c269701d88f5faf1fa0e4560e4d814f210c01a5b55df3cab95e9346a8bcc", "0a92745bb1ebbcb3985ed7bda379b94627f0edbc6c82e9e4bac4fb5647ae609a", "0cca1844ba870e81c03633a99aa3dc62256fb96323431a5dec7d4e503c26372d", "166917a729b9226decff29416f212c516227c2eb8a9c9f920d69ced24e30109f", "1f5f369202912be72fdf9a8f25067a5ece31a2b38507bb869306f173336348da", "2909dffe5c9a615b7e6c92d1ac2d31e3026dc436440a4f750f4749d114d88ceb", "2b5dafed97f778e9901b79cc01b88d39c605e0545b4541f2551a2fd785adc15b", "2e9bd5b23bba8ae8ce4219c9333974ff5e103c857d9ff0e4b73dc4cb244c7d86", "3aa6d45e149a16aa1f0c46816397e12313d5e37f22205c26e06975e150ffcf2a", "4bdbdb8ca577c6c366d15791747c1de6ab14529115a2eb52774240c412a7b403", "53fd857c6c8ffc0aa6a5a3a2619f6a74247e42ec9e46b836a8ffa4abe7aab327", "5cdfe54c1e37279dc70d92815464b77cd8ee30725adc9350f06074f91dbfeed2", "5d92c18458a4aa27497a986038d5d797b5279268a2de303cd00910658e8d149c", "632b32183c0cb0053194a4085c304bc2320e5299f77e3024556fa2aa395c2a8b", "7c735c7a6db8ee9554a3935e741cf288f7dcbe8706320251eb38c412e6a4281d", "7cd40cb4bc50d9e87b3540b23df6e6b24821ba7e1f305c1492b0806c33dbdbec", "84f0ac4a09971536b38cc5d515d6add7926a7e13baa25135a1dbb6afa351a376", "8dcbf377529a9af167cbfc5b8acec0fadd7c2357fc282a1494c222d3abfc9629", "950f0e17ffba7a7ceb0dd056567bc5ade22a11a75920b0e8298865dc28c0eff6", "9e379674728f43a0cd95c423ac0e95262500f9bfd81d33b999daa8ea1756d162", "b15002b9788ffe84e42baffc334739d3b68008a973d65fad0a410ca5d0531980", "b6f036ecc017ec2e2cc2a40615b41850dc7aaaea6a932628c0afc73ab98ba3fb", "bad73f9888d30f9e1d57ac8829f8a12091bdee4949b91db279569774a866a18e", "bbc58fca72ce45a64bb02b87f73df58e29848b693869e58bd890b2ddbb42d83b", "bca4d367a725694dae3dfdc86cf1d1622b9f414e70bd19651f5ac4fb3aa96d61", "be41d5de7a8e241864189b7530ca4aaf56a5204332caa70555c2d96379e18079", "bf53d8dddfc3e53a5bda65f7f4aa40fae306843641e3e8e701c18a5609471edf", "c092fe282de83d48e64d306b4bce03114859cdbfe19bf8a978a78a0d44ddadb1", "c3ab23ee9674336654bf9cac30eb75ac6acb9150dc4b1391bec533a7a4126471", "ce64a44c867d128ab8e675f587aae7f61bd2db836a3c4ba522d884cd7c298a77", "d05cef4a164b44ffda58200efcb22355350979e000828479971ebca49b82ddb1", "d2f25c7f410338d31666d7ddedfa67570900e248b940d186b48461bd4e5569a1", "d3b709d64b5cf064972b3763b47139e4a0dc4ae28a36437757f7663f67b99710", "e32e3455db14602b6117f0f422f46bc297a3853ae2c322ecd1e2c4c04daf6ed5", "ed53209b5f0f383acb49a927179fa51a6e2259878e164273ebc6815f3a752465", "f605f348f4e6a2ba00acb3399c71d213b92f27f2383fc4abebf7a37368c12142", "fcdb3755a7c355bc29df1b5e6fb8226d5c8b90551d202d69d0076a8a5649d68b"]
sqlalchemy-mptt = ["d6e62dc0237b9e7aea509f0f7fb138d8fe1527ab6ad741e428e5647a5d83af35"]
sqlparse = ["017cde379adbd6a1f15a61873f43e8274179378e95ef3fede90b5aa64d304ed0", "0f91fd2e829c44362cbcfab3e9ae12e22badaa8a29ad5ff599f9ec109f0454e8"]
tenacity = ["29ae90e7faf488a8628432154bb34ace1cca58244c6ea399fd33f066ac71339a", "5a5d3dcd46381abe8b4f82b5736b8726fd3160c6c7161f53f8af7f1eb9b82173"]
toml = ["926b612be1e5ce0634a2ca03470f95169cf16f939018233a670519cb4ac58b0f", "bda89d5935c2eac546d648028b9901107a595863cb36bae0c73ac804a9b4ce88"]
urllib3 = ["8d7eaa5a82a1cac232164990f04874c594c9453ec55eef02eab885aa02fc17a2", "f5321fbe4bf3fefa0efd0bfe7fb14e90909eb62a48ccda331726b4319897dd5e"]
zipp = ["16522f69653f0d67be90e8baa4a46d66389145b734345d68a257da53df670903", "c1532a8030c32fd52ff6a288d855fe7adef5823ba1d26a29a68fd6314aa72baa"]
